// !$*UTF8*$!
{
	archiveVersion = 1;
	classes = {
	};
	objectVersion = 48;
	objects = {

/* Begin PBXBuildFile section */
		BB2C6343204604FA00130FD1 /* AppDelegate.swift in Sources */ = {isa = PBXBuildFile; fileRef = BB2C6342204604FA00130FD1 /* AppDelegate.swift */; };
		BB2C6345204604FA00130FD1 /* ViewController.swift in Sources */ = {isa = PBXBuildFile; fileRef = BB2C6344204604FA00130FD1 /* ViewController.swift */; };
		BB2C6348204604FA00130FD1 /* Main.storyboard in Resources */ = {isa = PBXBuildFile; fileRef = BB2C6346204604FA00130FD1 /* Main.storyboard */; };
		BB2C634B204604FA00130FD1 /* NYC_Schools.xcdatamodeld in Sources */ = {isa = PBXBuildFile; fileRef = BB2C6349204604FA00130FD1 /* NYC_Schools.xcdatamodeld */; };
		BB2C634D204604FA00130FD1 /* Assets.xcassets in Resources */ = {isa = PBXBuildFile; fileRef = BB2C634C204604FA00130FD1 /* Assets.xcassets */; };
		BB2C6350204604FA00130FD1 /* LaunchScreen.storyboard in Resources */ = {isa = PBXBuildFile; fileRef = BB2C634E204604FA00130FD1 /* LaunchScreen.storyboard */; };
		BB2C635B204604FA00130FD1 /* NYC_SchoolsTests.swift in Sources */ = {isa = PBXBuildFile; fileRef = BB2C635A204604FA00130FD1 /* NYC_SchoolsTests.swift */; };
/* End PBXBuildFile section */

/* Begin PBXContainerItemProxy section */
		BB2C6357204604FA00130FD1 /* PBXContainerItemProxy */ = {
			isa = PBXContainerItemProxy;
			containerPortal = BB2C6337204604FA00130FD1 /* Project object */;
			proxyType = 1;
			remoteGlobalIDString = BB2C633E204604FA00130FD1;
			remoteInfo = "NYC Schools";
		};
/* End PBXContainerItemProxy section */

/* Begin PBXFileReference section */
		BB2C633F204604FA00130FD1 /* NYC Schools.app */ = {isa = PBXFileReference; explicitFileType = wrapper.application; includeInIndex = 0; path = "NYC Schools.app"; sourceTree = BUILT_PRODUCTS_DIR; };
		BB2C6342204604FA00130FD1 /* AppDelegate.swift */ = {isa = PBXFileReference; lastKnownFileType = sourcecode.swift; path = AppDelegate.swift; sourceTree = "<group>"; };
		BB2C6344204604FA00130FD1 /* ViewController.swift */ = {isa = PBXFileReference; lastKnownFileType = sourcecode.swift; path = ViewController.swift; sourceTree = "<group>"; };
		BB2C6347204604FA00130FD1 /* Base */ = {isa = PBXFileReference; lastKnownFileType = file.storyboard; name = Base; path = Base.lproj/Main.storyboard; sourceTree = "<group>"; };
		BB2C634A204604FA00130FD1 /* NYC_Schools.xcdatamodel */ = {isa = PBXFileReference; lastKnownFileType = wrapper.xcdatamodel; path = NYC_Schools.xcdatamodel; sourceTree = "<group>"; };
		BB2C634C204604FA00130FD1 /* Assets.xcassets */ = {isa = PBXFileReference; lastKnownFileType = folder.assetcatalog; path = Assets.xcassets; sourceTree = "<group>"; };
		BB2C634F204604FA00130FD1 /* Base */ = {isa = PBXFileReference; lastKnownFileType = file.storyboard; name = Base; path = Base.lproj/LaunchScreen.storyboard; sourceTree = "<group>"; };
		BB2C6351204604FA00130FD1 /* Info.plist */ = {isa = PBXFileReference; lastKnownFileType = text.plist.xml; path = Info.plist; sourceTree = "<group>"; };
		BB2C6356204604FA00130FD1 /* NYC SchoolsTests.xctest */ = {isa = PBXFileReference; explicitFileType = wrapper.cfbundle; includeInIndex = 0; path = "NYC SchoolsTests.xctest"; sourceTree = BUILT_PRODUCTS_DIR; };
		BB2C635A204604FA00130FD1 /* NYC_SchoolsTests.swift */ = {isa = PBXFileReference; lastKnownFileType = sourcecode.swift; path = NYC_SchoolsTests.swift; sourceTree = "<group>"; };
		BB2C635C204604FA00130FD1 /* Info.plist */ = {isa = PBXFileReference; lastKnownFileType = text.plist.xml; path = Info.plist; sourceTree = "<group>"; };
/* End PBXFileReference section */

/* Begin PBXFrameworksBuildPhase section */
		BB2C633C204604FA00130FD1 /* Frameworks */ = {
			isa = PBXFrameworksBuildPhase;
			buildActionMask = 2147483647;
			files = (
			);
			runOnlyForDeploymentPostprocessing = 0;
		};
		BB2C6353204604FA00130FD1 /* Frameworks */ = {
			isa = PBXFrameworksBuildPhase;
			buildActionMask = 2147483647;
			files = (
			);
			runOnlyForDeploymentPostprocessing = 0;
		};
/* End PBXFrameworksBuildPhase section */

/* Begin PBXGroup section */
		BB2C6336204604FA00130FD1 = {
			isa = PBXGroup;
			children = (
				BB2C6341204604FA00130FD1 /* NYC Schools */,
				BB2C6359204604FA00130FD1 /* NYC SchoolsTests */,
				BB2C6340204604FA00130FD1 /* Products */,
			);
			sourceTree = "<group>";
		};
		BB2C6340204604FA00130FD1 /* Products */ = {
			isa = PBXGroup;
			children = (
				BB2C633F204604FA00130FD1 /* NYC Schools.app */,
				BB2C6356204604FA00130FD1 /* NYC SchoolsTests.xctest */,
			);
			name = Products;
			sourceTree = "<group>";
		};
		BB2C6341204604FA00130FD1 /* NYC Schools */ = {
			isa = PBXGroup;
			children = (
				BB2C6342204604FA00130FD1 /* AppDelegate.swift */,
				BB2C6344204604FA00130FD1 /* ViewController.swift */,
				BB2C6346204604FA00130FD1 /* Main.storyboard */,
				BB2C634C204604FA00130FD1 /* Assets.xcassets */,
				BB2C634E204604FA00130FD1 /* LaunchScreen.storyboard */,
				BB2C6351204604FA00130FD1 /* Info.plist */,
				BB2C6349204604FA00130FD1 /* NYC_Schools.xcdatamodeld */,
			);
			path = "NYC Schools";
			sourceTree = "<group>";
		};
		BB2C6359204604FA00130FD1 /* NYC SchoolsTests */ = {
			isa = PBXGroup;
			children = (
				BB2C635A204604FA00130FD1 /* NYC_SchoolsTests.swift */,
				BB2C635C204604FA00130FD1 /* Info.plist */,
			);
			path = "NYC SchoolsTests";
			sourceTree = "<group>";
		};
/* End PBXGroup section */

/* Begin PBXNativeTarget section */
		BB2C633E204604FA00130FD1 /* NYC Schools */ = {
			isa = PBXNativeTarget;
			buildConfigurationList = BB2C635F204604FA00130FD1 /* Build configuration list for PBXNativeTarget "NYC Schools" */;
			buildPhases = (
				BB2C633B204604FA00130FD1 /* Sources */,
				BB2C633C204604FA00130FD1 /* Frameworks */,
				BB2C633D204604FA00130FD1 /* Resources */,
			);
			buildRules = (
			);
			dependencies = (
			);
			name = "NYC Schools";
			productName = "NYC Schools";
			productReference = BB2C633F204604FA00130FD1 /* NYC Schools.app */;
			productType = "com.apple.product-type.application";
		};
		BB2C6355204604FA00130FD1 /* NYC SchoolsTests */ = {
			isa = PBXNativeTarget;
			buildConfigurationList = BB2C6362204604FA00130FD1 /* Build configuration list for PBXNativeTarget "NYC SchoolsTests" */;
			buildPhases = (
				BB2C6352204604FA00130FD1 /* Sources */,
				BB2C6353204604FA00130FD1 /* Frameworks */,
				BB2C6354204604FA00130FD1 /* Resources */,
			);
			buildRules = (
			);
			dependencies = (
				BB2C6358204604FA00130FD1 /* PBXTargetDependency */,
			);
			name = "NYC SchoolsTests";
			productName = "NYC SchoolsTests";
			productReference = BB2C6356204604FA00130FD1 /* NYC SchoolsTests.xctest */;
			productType = "com.apple.product-type.bundle.unit-test";
		};
/* End PBXNativeTarget section */

/* Begin PBXProject section */
		BB2C6337204604FA00130FD1 /* Project object */ = {
			isa = PBXProject;
			attributes = {
				LastSwiftUpdateCheck = 0920;
				LastUpgradeCheck = 0920;
				ORGANIZATIONNAME = angel;
				TargetAttributes = {
					BB2C633E204604FA00130FD1 = {
						CreatedOnToolsVersion = 9.2;
						ProvisioningStyle = Automatic;
					};
					BB2C6355204604FA00130FD1 = {
						CreatedOnToolsVersion = 9.2;
						ProvisioningStyle = Automatic;
						TestTargetID = BB2C633E204604FA00130FD1;
					};
				};
			};
			buildConfigurationList = BB2C633A204604FA00130FD1 /* Build configuration list for PBXProject "NYC Schools" */;
			compatibilityVersion = "Xcode 8.0";
			developmentRegion = en;
			hasScannedForEncodings = 0;
			knownRegions = (
				en,
				Base,
			);
			mainGroup = BB2C6336204604FA00130FD1;
			productRefGroup = BB2C6340204604FA00130FD1 /* Products */;
			projectDirPath = "";
			projectRoot = "";
			targets = (
				BB2C633E204604FA00130FD1 /* NYC Schools */,
				BB2C6355204604FA00130FD1 /* NYC SchoolsTests */,
			);
		};
/* End PBXProject section */

/* Begin PBXResourcesBuildPhase section */
		BB2C633D204604FA00130FD1 /* Resources */ = {
			isa = PBXResourcesBuildPhase;
			buildActionMask = 2147483647;
			files = (
				BB2C6350204604FA00130FD1 /* LaunchScreen.storyboard in Resources */,
				BB2C634D204604FA00130FD1 /* Assets.xcassets in Resources */,
				BB2C6348204604FA00130FD1 /* Main.storyboard in Resources */,
			);
			runOnlyForDeploymentPostprocessing = 0;
		};
		BB2C6354204604FA00130FD1 /* Resources */ = {
			isa = PBXResourcesBuildPhase;
			buildActionMask = 2147483647;
			files = (
			);
			runOnlyForDeploymentPostprocessing = 0;
		};
/* End PBXResourcesBuildPhase section */

/* Begin PBXSourcesBuildPhase section */
		BB2C633B204604FA00130FD1 /* Sources */ = {
			isa = PBXSourcesBuildPhase;
			buildActionMask = 2147483647;
			files = (
				BB2C6345204604FA00130FD1 /* ViewController.swift in Sources */,
				BB2C6343204604FA00130FD1 /* AppDelegate.swift in Sources */,
				BB2C634B204604FA00130FD1 /* NYC_Schools.xcdatamodeld in Sources */,
			);
			runOnlyForDeploymentPostprocessing = 0;
		};
		BB2C6352204604FA00130FD1 /* Sources */ = {
			isa = PBXSourcesBuildPhase;
			buildActionMask = 2147483647;
			files = (
				BB2C635B204604FA00130FD1 /* NYC_SchoolsTests.swift in Sources */,
			);
			runOnlyForDeploymentPostprocessing = 0;
		};
/* End PBXSourcesBuildPhase section */

/* Begin PBXTargetDependency section */
		BB2C6358204604FA00130FD1 /* PBXTargetDependency */ = {
			isa = PBXTargetDependency;
			target = BB2C633E204604FA00130FD1 /* NYC Schools */;
			targetProxy = BB2C6357204604FA00130FD1 /* PBXContainerItemProxy */;
		};
/* End PBXTargetDependency section */

/* Begin PBXVariantGroup section */
		BB2C6346204604FA00130FD1 /* Main.storyboard */ = {
			isa = PBXVariantGroup;
			children = (
				BB2C6347204604FA00130FD1 /* Base */,
			);
			name = Main.storyboard;
			sourceTree = "<group>";
		};
		BB2C634E204604FA00130FD1 /* LaunchScreen.storyboard */ = {
			isa = PBXVariantGroup;
			children = (
				BB2C634F204604FA00130FD1 /* Base */,
			);
			name = LaunchScreen.storyboard;
			sourceTree = "<group>";
		};
/* End PBXVariantGroup section */

/* Begin XCBuildConfiguration section */
		BB2C635D204604FA00130FD1 /* Debug */ = {
			isa = XCBuildConfiguration;
			buildSettings = {
				ALWAYS_SEARCH_USER_PATHS = NO;
				CLANG_ANALYZER_NONNULL = YES;
				CLANG_ANALYZER_NUMBER_OBJECT_CONVERSION = YES_AGGRESSIVE;
				CLANG_CXX_LANGUAGE_STANDARD = "gnu++14";
				CLANG_CXX_LIBRARY = "libc++";
				CLANG_ENABLE_MODULES = YES;
				CLANG_ENABLE_OBJC_ARC = YES;
				CLANG_WARN_BLOCK_CAPTURE_AUTORELEASING = YES;
				CLANG_WARN_BOOL_CONVERSION = YES;
				CLANG_WARN_COMMA = YES;
				CLANG_WARN_CONSTANT_CONVERSION = YES;
				CLANG_WARN_DIRECT_OBJC_ISA_USAGE = YES_ERROR;
				CLANG_WARN_DOCUMENTATION_COMMENTS = YES;
				CLANG_WARN_EMPTY_BODY = YES;
				CLANG_WARN_ENUM_CONVERSION = YES;
				CLANG_WARN_INFINITE_RECURSION = YES;
				CLANG_WARN_INT_CONVERSION = YES;
				CLANG_WARN_NON_LITERAL_NULL_CONVERSION = YES;
				CLANG_WARN_OBJC_LITERAL_CONVERSION = YES;
				CLANG_WARN_OBJC_ROOT_CLASS = YES_ERROR;
				CLANG_WARN_RANGE_LOOP_ANALYSIS = YES;
				CLANG_WARN_STRICT_PROTOTYPES = YES;
				CLANG_WARN_SUSPICIOUS_MOVE = YES;
				CLANG_WARN_UNGUARDED_AVAILABILITY = YES_AGGRESSIVE;
				CLANG_WARN_UNREACHABLE_CODE = YES;
				CLANG_WARN__DUPLICATE_METHOD_MATCH = YES;
				CODE_SIGN_IDENTITY = "iPhone Developer";
				COPY_PHASE_STRIP = NO;
				DEBUG_INFORMATION_FORMAT = dwarf;
				ENABLE_STRICT_OBJC_MSGSEND = YES;
				ENABLE_TESTABILITY = YES;
				GCC_C_LANGUAGE_STANDARD = gnu11;
				GCC_DYNAMIC_NO_PIC = NO;
				GCC_NO_COMMON_BLOCKS = YES;
				GCC_OPTIMIZATION_LEVEL = 0;
				GCC_PREPROCESSOR_DEFINITIONS = (
					"DEBUG=1",
					"$(inherited)",
				);
				GCC_WARN_64_TO_32_BIT_CONVERSION = YES;
				GCC_WARN_ABOUT_RETURN_TYPE = YES_ERROR;
				GCC_WARN_UNDECLARED_SELECTOR = YES;
				GCC_WARN_UNINITIALIZED_AUTOS = YES_AGGRESSIVE;
				GCC_WARN_UNUSED_FUNCTION = YES;
				GCC_WARN_UNUSED_VARIABLE = YES;
				IPHONEOS_DEPLOYMENT_TARGET = 11.2;
				MTL_ENABLE_DEBUG_INFO = YES;
				ONLY_ACTIVE_ARCH = YES;
				SDKROOT = iphoneos;
				SWIFT_ACTIVE_COMPILATION_CONDITIONS = DEBUG;
				SWIFT_OPTIMIZATION_LEVEL = "-Onone";
			};
			name = Debug;
		};
		BB2C635E204604FA00130FD1 /* Release */ = {
			isa = XCBuildConfiguration;
			buildSettings = {
				ALWAYS_SEARCH_USER_PATHS = NO;
				CLANG_ANALYZER_NONNULL = YES;
				CLANG_ANALYZER_NUMBER_OBJECT_CONVERSION = YES_AGGRESSIVE;
				CLANG_CXX_LANGUAGE_STANDARD = "gnu++14";
				CLANG_CXX_LIBRARY = "libc++";
				CLANG_ENABLE_MODULES = YES;
				CLANG_ENABLE_OBJC_ARC = YES;
				CLANG_WARN_BLOCK_CAPTURE_AUTORELEASING = YES;
				CLANG_WARN_BOOL_CONVERSION = YES;
				CLANG_WARN_COMMA = YES;
				CLANG_WARN_CONSTANT_CONVERSION = YES;
				CLANG_WARN_DIRECT_OBJC_ISA_USAGE = YES_ERROR;
				CLANG_WARN_DOCUMENTATION_COMMENTS = YES;
				CLANG_WARN_EMPTY_BODY = YES;
				CLANG_WARN_ENUM_CONVERSION = YES;
				CLANG_WARN_INFINITE_RECURSION = YES;
				CLANG_WARN_INT_CONVERSION = YES;
				CLANG_WARN_NON_LITERAL_NULL_CONVERSION = YES;
				CLANG_WARN_OBJC_LITERAL_CONVERSION = YES;
				CLANG_WARN_OBJC_ROOT_CLASS = YES_ERROR;
				CLANG_WARN_RANGE_LOOP_ANALYSIS = YES;
				CLANG_WARN_STRICT_PROTOTYPES = YES;
				CLANG_WARN_SUSPICIOUS_MOVE = YES;
				CLANG_WARN_UNGUARDED_AVAILABILITY = YES_AGGRESSIVE;
				CLANG_WARN_UNREACHABLE_CODE = YES;
				CLANG_WARN__DUPLICATE_METHOD_MATCH = YES;
				CODE_SIGN_IDENTITY = "iPhone Developer";
				COPY_PHASE_STRIP = NO;
				DEBUG_INFORMATION_FORMAT = "dwarf-with-dsym";
				ENABLE_NS_ASSERTIONS = NO;
				ENABLE_STRICT_OBJC_MSGSEND = YES;
				GCC_C_LANGUAGE_STANDARD = gnu11;
				GCC_NO_COMMON_BLOCKS = YES;
				GCC_WARN_64_TO_32_BIT_CONVERSION = YES;
				GCC_WARN_ABOUT_RETURN_TYPE = YES_ERROR;
				GCC_WARN_UNDECLARED_SELECTOR = YES;
				GCC_WARN_UNINITIALIZED_AUTOS = YES_AGGRESSIVE;
				GCC_WARN_UNUSED_FUNCTION = YES;
				GCC_WARN_UNUSED_VARIABLE = YES;
				IPHONEOS_DEPLOYMENT_TARGET = 11.2;
				MTL_ENABLE_DEBUG_INFO = NO;
				SDKROOT = iphoneos;
				SWIFT_OPTIMIZATION_LEVEL = "-Owholemodule";
				VALIDATE_PRODUCT = YES;
			};
			name = Release;
		};
		BB2C6360204604FA00130FD1 /* Debug */ = {
			isa = XCBuildConfiguration;
			buildSettings = {
				ASSETCATALOG_COMPILER_APPICON_NAME = AppIcon;
				CODE_SIGN_STYLE = Automatic;
				DEVELOPMENT_TEAM = D69X76TN8G;
				INFOPLIST_FILE = "NYC Schools/Info.plist";
				LD_RUNPATH_SEARCH_PATHS = "$(inherited) @executable_path/Frameworks";
				PRODUCT_BUNDLE_IDENTIFIER = "angel.NYC-Schools";
				PRODUCT_NAME = "$(TARGET_NAME)";
				SWIFT_VERSION = 4.0;
				TARGETED_DEVICE_FAMILY = "1,2";
			};
			name = Debug;
		};
		BB2C6361204604FA00130FD1 /* Release */ = {
			isa = XCBuildConfiguration;
			buildSettings = {
				ASSETCATALOG_COMPILER_APPICON_NAME = AppIcon;
				CODE_SIGN_STYLE = Automatic;
				DEVELOPMENT_TEAM = D69X76TN8G;
				INFOPLIST_FILE = "NYC Schools/Info.plist";
				LD_RUNPATH_SEARCH_PATHS = "$(inherited) @executable_path/Frameworks";
				PRODUCT_BUNDLE_IDENTIFIER = "angel.NYC-Schools";
				PRODUCT_NAME = "$(TARGET_NAME)";
				SWIFT_VERSION = 4.0;
				TARGETED_DEVICE_FAMILY = "1,2";
			};
			name = Release;
		};
		BB2C6363204604FA00130FD1 /* Debug */ = {
			isa = XCBuildConfiguration;
			buildSettings = {
				ALWAYS_EMBED_SWIFT_STANDARD_LIBRARIES = YES;
				BUNDLE_LOADER = "$(TEST_HOST)";
				CODE_SIGN_STYLE = Automatic;
				DEVELOPMENT_TEAM = D69X76TN8G;
				INFOPLIST_FILE = "NYC SchoolsTests/Info.plist";
				LD_RUNPATH_SEARCH_PATHS = "$(inherited) @executable_path/Frameworks @loader_path/Frameworks";
				PRODUCT_BUNDLE_IDENTIFIER = "angel.NYC-SchoolsTests";
				PRODUCT_NAME = "$(TARGET_NAME)";
				SWIFT_VERSION = 4.0;
				TARGETED_DEVICE_FAMILY = "1,2";
				TEST_HOST = "$(BUILT_PRODUCTS_DIR)/NYC Schools.app/NYC Schools";
			};
			name = Debug;
		};
		BB2C6364204604FA00130FD1 /* Release */ = {
			isa = XCBuildConfiguration;
			buildSettings = {
				ALWAYS_EMBED_SWIFT_STANDARD_LIBRARIES = YES;
				BUNDLE_LOADER = "$(TEST_HOST)";
				CODE_SIGN_STYLE = Automatic;
				DEVELOPMENT_TEAM = D69X76TN8G;
				INFOPLIST_FILE = "NYC SchoolsTests/Info.plist";
				LD_RUNPATH_SEARCH_PATHS = "$(inherited) @executable_path/Frameworks @loader_path/Frameworks";
				PRODUCT_BUNDLE_IDENTIFIER = "angel.NYC-SchoolsTests";
				PRODUCT_NAME = "$(TARGET_NAME)";
				SWIFT_VERSION = 4.0;
				TARGETED_DEVICE_FAMILY = "1,2";
				TEST_HOST = "$(BUILT_PRODUCTS_DIR)/NYC Schools.app/NYC Schools";
			};
			name = Release;
		};
/* End XCBuildConfiguration section */

/* Begin XCConfigurationList section */
		BB2C633A204604FA00130FD1 /* Build configuration list for PBXProject "NYC Schools" */ = {
			isa = XCConfigurationList;
			buildConfigurations = (
				BB2C635D204604FA00130FD1 /* Debug */,
				BB2C635E204604FA00130FD1 /* Release */,
			);
			defaultConfigurationIsVisible = 0;
			defaultConfigurationName = Release;
		};
		BB2C635F204604FA00130FD1 /* Build configuration list for PBXNativeTarget "NYC Schools" */ = {
			isa = XCConfigurationList;
			buildConfigurations = (
				BB2C6360204604FA00130FD1 /* Debug */,
				BB2C6361204604FA00130FD1 /* Release */,
			);
			defaultConfigurationIsVisible = 0;
			defaultConfigurationName = Release;
		};
		BB2C6362204604FA00130FD1 /* Build configuration list for PBXNativeTarget "NYC SchoolsTests" */ = {
			isa = XCConfigurationList;
			buildConfigurations = (
				BB2C6363204604FA00130FD1 /* Debug */,
				BB2C6364204604FA00130FD1 /* Release */,
			);
			defaultConfigurationIsVisible = 0;
			defaultConfigurationName = Release;
		};
/* End XCConfigurationList section */

/* Begin XCVersionGroup section */
		BB2C6349204604FA00130FD1 /* NYC_Schools.xcdatamodeld */ = {
			isa = XCVersionGroup;
			children = (
				BB2C634A204604FA00130FD1 /* NYC_Schools.xcdatamodel */,
			);
			currentVersion = BB2C634A204604FA00130FD1 /* NYC_Schools.xcdatamodel */;
			path = NYC_Schools.xcdatamodeld;
			sourceTree = "<group>";
			versionGroupType = wrapper.xcdatamodel;
		};
/* End XCVersionGroup section */
	};
	rootObject = BB2C6337204604FA00130FD1 /* Project object */;
}
